
Microsoft Visual Studio Solution File, Format Version 12.00
# Visual Studio Version 16
VisualStudioVersion = 16.0.30907.101
MinimumVisualStudioVersion = 10.0.40219.1
Project("{FAE04EC0-301F-11D3-BF4B-00C04F79EFBC}") = "AsyncAwait", "AsyncAwait\AsyncAwait.csproj", "{8FF0B994-94F6-4694-AB62-195973DC65E4}"
EndProject
Global
	GlobalSection(SolutionConfigurationPlatforms) = preSolution
		Debug|Any CPU = Debug|Any CPU
		Release|Any CPU = Release|Any CPU
	EndGlobalSection
	GlobalSection(ProjectConfigurationPlatforms) = postSolution
		{8FF0B994-94F6-4694-AB62-195973DC65E4}.Debug|Any CPU.ActiveCfg = Debug|Any CPU
		{8FF0B994-94F6-4694-AB62-195973DC65E4}.Debug|Any CPU.Build.0 = Debug|Any CPU
		{8FF0B994-94F6-4694-AB62-195973DC65E4}.Release|Any CPU.ActiveCfg = Release|Any CPU
		{8FF0B994-94F6-4694-AB62-195973DC65E4}.Release|Any CPU.Build.0 = Release|Any CPU
	EndGlobalSection
	GlobalSection(SolutionProperties) = preSolution
		HideSolutionNode = FALSE
	EndGlobalSection
	GlobalSection(ExtensibilityGlobals) = postSolution
		SolutionGuid = {194F5326-B42C-4220-BE38-07C781630AD5}
	EndGlobalSection
EndGlobal
